
Microsoft Visual Studio Solution File, Format Version 12.00
# Visual Studio Version 17
VisualStudioVersion = 17.13.35931.197 d17.13
MinimumVisualStudioVersion = 10.0.40219.1
Project("{FAE04EC0-301F-11D3-BF4B-00C04F79EFBC}") = "MapGenerator", "MapGenerator\MapGenerator.csproj", "{FE47B383-4602-4899-9E69-0429B3AAB453}"
EndProject
Global
	GlobalSection(SolutionConfigurationPlatforms) = preSolution
		Debug|Any CPU = Debug|Any CPU
		Release|Any CPU = Release|Any CPU
	EndGlobalSection
	GlobalSection(ProjectConfigurationPlatforms) = postSolution
		{FE47B383-4602-4899-9E69-0429B3AAB453}.Debug|Any CPU.ActiveCfg = Debug|Any CPU
		{FE47B383-4602-4899-9E69-0429B3AAB453}.Debug|Any CPU.Build.0 = Debug|Any CPU
		{FE47B383-4602-4899-9E69-0429B3AAB453}.Release|Any CPU.ActiveCfg = Release|Any CPU
		{FE47B383-4602-4899-9E69-0429B3AAB453}.Release|Any CPU.Build.0 = Release|Any CPU
	EndGlobalSection
	GlobalSection(SolutionProperties) = preSolution
		HideSolutionNode = FALSE
	EndGlobalSection
	GlobalSection(ExtensibilityGlobals) = postSolution
		SolutionGuid = {A0E7A0C9-85BC-40F9-9693-69970DF6CA65}
	EndGlobalSection
EndGlobal
